
Microsoft Visual Studio Solution File, Format Version 12.00
# Visual Studio Version 16
VisualStudioVersion = 16.0.34931.43
MinimumVisualStudioVersion = 10.0.40219.1
Project("{8BC9CEB8-8B4A-11D0-8D11-00A0C91BC942}") = "xl2dbgCJ", "xl2dbgCJ\xl2dbgCJ.vcxproj", "{35A2B7A7-89F8-4374-8D4D-29DE6D567DC4}"
EndProject
Project("{8BC9CEB8-8B4A-11D0-8D11-00A0C91BC942}") = "xl2kerneldbg", "xl2kerneldbg\xl2kerneldbg.vcxproj", "{7E5C4DD7-7082-42FA-A2CF-BBFED18CB688}"
EndProject
Project("{8BC9CEB8-8B4A-11D0-8D11-00A0C91BC942}") = "testxl2dbg", "testxl2dbg\testxl2dbg.vcxproj", "{E4D266A1-FB22-496E-A2F3-B4CAD5D6CDAB}"
EndProject
Global
	GlobalSection(SolutionConfigurationPlatforms) = preSolution
		Debug|ARM = Debug|ARM
		Debug|ARM64 = Debug|ARM64
		Debug|x64 = Debug|x64
		Debug|x86 = Debug|x86
		Release|ARM = Release|ARM
		Release|ARM64 = Release|ARM64
		Release|x64 = Release|x64
		Release|x86 = Release|x86
	EndGlobalSection
	GlobalSection(ProjectConfigurationPlatforms) = postSolution
		{35A2B7A7-89F8-4374-8D4D-29DE6D567DC4}.Debug|ARM.ActiveCfg = Debug|Win32
		{35A2B7A7-89F8-4374-8D4D-29DE6D567DC4}.Debug|ARM64.ActiveCfg = Debug|Win32
		{35A2B7A7-89F8-4374-8D4D-29DE6D567DC4}.Debug|x64.ActiveCfg = Debug|x64
		{35A2B7A7-89F8-4374-8D4D-29DE6D567DC4}.Debug|x64.Build.0 = Debug|x64
		{35A2B7A7-89F8-4374-8D4D-29DE6D567DC4}.Debug|x86.ActiveCfg = Debug|Win32
		{35A2B7A7-89F8-4374-8D4D-29DE6D567DC4}.Debug|x86.Build.0 = Debug|Win32
		{35A2B7A7-89F8-4374-8D4D-29DE6D567DC4}.Release|ARM.ActiveCfg = Release|Win32
		{35A2B7A7-89F8-4374-8D4D-29DE6D567DC4}.Release|ARM64.ActiveCfg = Release|Win32
		{35A2B7A7-89F8-4374-8D4D-29DE6D567DC4}.Release|x64.ActiveCfg = Release|x64
		{35A2B7A7-89F8-4374-8D4D-29DE6D567DC4}.Release|x64.Build.0 = Release|x64
		{35A2B7A7-89F8-4374-8D4D-29DE6D567DC4}.Release|x86.ActiveCfg = Release|Win32
		{35A2B7A7-89F8-4374-8D4D-29DE6D567DC4}.Release|x86.Build.0 = Release|Win32
		{7E5C4DD7-7082-42FA-A2CF-BBFED18CB688}.Debug|ARM.ActiveCfg = Debug|ARM
		{7E5C4DD7-7082-42FA-A2CF-BBFED18CB688}.Debug|ARM.Build.0 = Debug|ARM
		{7E5C4DD7-7082-42FA-A2CF-BBFED18CB688}.Debug|ARM.Deploy.0 = Debug|ARM
		{7E5C4DD7-7082-42FA-A2CF-BBFED18CB688}.Debug|ARM64.ActiveCfg = Debug|ARM64
		{7E5C4DD7-7082-42FA-A2CF-BBFED18CB688}.Debug|ARM64.Build.0 = Debug|ARM64
		{7E5C4DD7-7082-42FA-A2CF-BBFED18CB688}.Debug|ARM64.Deploy.0 = Debug|ARM64
		{7E5C4DD7-7082-42FA-A2CF-BBFED18CB688}.Debug|x64.ActiveCfg = Debug|x64
		{7E5C4DD7-7082-42FA-A2CF-BBFED18CB688}.Debug|x64.Build.0 = Debug|x64
		{7E5C4DD7-7082-42FA-A2CF-BBFED18CB688}.Debug|x64.Deploy.0 = Debug|x64
		{7E5C4DD7-7082-42FA-A2CF-BBFED18CB688}.Debug|x86.ActiveCfg = Debug|Win32
		{7E5C4DD7-7082-42FA-A2CF-BBFED18CB688}.Debug|x86.Build.0 = Debug|Win32
		{7E5C4DD7-7082-42FA-A2CF-BBFED18CB688}.Debug|x86.Deploy.0 = Debug|Win32
		{7E5C4DD7-7082-42FA-A2CF-BBFED18CB688}.Release|ARM.ActiveCfg = Release|ARM
		{7E5C4DD7-7082-42FA-A2CF-BBFED18CB688}.Release|ARM.Build.0 = Release|ARM
		{7E5C4DD7-7082-42FA-A2CF-BBFED18CB688}.Release|ARM.Deploy.0 = Release|ARM
		{7E5C4DD7-7082-42FA-A2CF-BBFED18CB688}.Release|ARM64.ActiveCfg = Release|ARM64
		{7E5C4DD7-7082-42FA-A2CF-BBFED18CB688}.Release|ARM64.Build.0 = Release|ARM64
		{7E5C4DD7-7082-42FA-A2CF-BBFED18CB688}.Release|ARM64.Deploy.0 = Release|ARM64
		{7E5C4DD7-7082-42FA-A2CF-BBFED18CB688}.Release|x64.ActiveCfg = Release|x64
		{7E5C4DD7-7082-42FA-A2CF-BBFED18CB688}.Release|x64.Build.0 = Release|x64
		{7E5C4DD7-7082-42FA-A2CF-BBFED18CB688}.Release|x64.Deploy.0 = Release|x64
		{7E5C4DD7-7082-42FA-A2CF-BBFED18CB688}.Release|x86.ActiveCfg = Release|Win32
		{7E5C4DD7-7082-42FA-A2CF-BBFED18CB688}.Release|x86.Build.0 = Release|Win32
		{7E5C4DD7-7082-42FA-A2CF-BBFED18CB688}.Release|x86.Deploy.0 = Release|Win32
		{E4D266A1-FB22-496E-A2F3-B4CAD5D6CDAB}.Debug|ARM.ActiveCfg = Debug|Win32
		{E4D266A1-FB22-496E-A2F3-B4CAD5D6CDAB}.Debug|ARM64.ActiveCfg = Debug|Win32
		{E4D266A1-FB22-496E-A2F3-B4CAD5D6CDAB}.Debug|x64.ActiveCfg = Debug|x64
		{E4D266A1-FB22-496E-A2F3-B4CAD5D6CDAB}.Debug|x64.Build.0 = Debug|x64
		{E4D266A1-FB22-496E-A2F3-B4CAD5D6CDAB}.Debug|x86.ActiveCfg = Debug|Win32
		{E4D266A1-FB22-496E-A2F3-B4CAD5D6CDAB}.Debug|x86.Build.0 = Debug|Win32
		{E4D266A1-FB22-496E-A2F3-B4CAD5D6CDAB}.Release|ARM.ActiveCfg = Release|Win32
		{E4D266A1-FB22-496E-A2F3-B4CAD5D6CDAB}.Release|ARM64.ActiveCfg = Release|Win32
		{E4D266A1-FB22-496E-A2F3-B4CAD5D6CDAB}.Release|x64.ActiveCfg = Release|x64
		{E4D266A1-FB22-496E-A2F3-B4CAD5D6CDAB}.Release|x64.Build.0 = Release|x64
		{E4D266A1-FB22-496E-A2F3-B4CAD5D6CDAB}.Release|x86.ActiveCfg = Release|Win32
		{E4D266A1-FB22-496E-A2F3-B4CAD5D6CDAB}.Release|x86.Build.0 = Release|Win32
	EndGlobalSection
	GlobalSection(SolutionProperties) = preSolution
		HideSolutionNode = FALSE
	EndGlobalSection
	GlobalSection(ExtensibilityGlobals) = postSolution
		SolutionGuid = {00055DB2-B331-45D2-8C8F-68FEE60A0BEB}
	EndGlobalSection
EndGlobal
